
Microsoft Visual Studio Solution File, Format Version 12.00
# Visual Studio Version 16
VisualStudioVersion = 16.0.30804.86
MinimumVisualStudioVersion = 10.0.40219.1
Project("{8BC9CEB8-8B4A-11D0-8D11-00A0C91BC942}") = "ConsoleApplication8", "ConsoleApplication8.vcxproj", "{733243B2-4CD9-4C80-AF18-AFA2BA5A2058}"
EndProject
Global
	GlobalSection(SolutionConfigurationPlatforms) = preSolution
		Debug|x64 = Debug|x64
		Debug|x86 = Debug|x86
		Release|x64 = Release|x64
		Release|x86 = Release|x86
	EndGlobalSection
	GlobalSection(ProjectConfigurationPlatforms) = postSolution
		{733243B2-4CD9-4C80-AF18-AFA2BA5A2058}.Debug|x64.ActiveCfg = Debug|x64
		{733243B2-4CD9-4C80-AF18-AFA2BA5A2058}.Debug|x64.Build.0 = Debug|x64
		{733243B2-4CD9-4C80-AF18-AFA2BA5A2058}.Debug|x86.ActiveCfg = Debug|Win32
		{733243B2-4CD9-4C80-AF18-AFA2BA5A2058}.Debug|x86.Build.0 = Debug|Win32
		{733243B2-4CD9-4C80-AF18-AFA2BA5A2058}.Release|x64.ActiveCfg = Release|x64
		{733243B2-4CD9-4C80-AF18-AFA2BA5A2058}.Release|x64.Build.0 = Release|x64
		{733243B2-4CD9-4C80-AF18-AFA2BA5A2058}.Release|x86.ActiveCfg = Release|Win32
		{733243B2-4CD9-4C80-AF18-AFA2BA5A2058}.Release|x86.Build.0 = Release|Win32
	EndGlobalSection
	GlobalSection(SolutionProperties) = preSolution
		HideSolutionNode = FALSE
	EndGlobalSection
	GlobalSection(ExtensibilityGlobals) = postSolution
		SolutionGuid = {B0EB0A6B-5BB4-4AA5-BF62-BBB6F6ABF3CB}
	EndGlobalSection
EndGlobal
